
Microsoft Visual Studio Solution File, Format Version 10.00
# Visual Studio 2008
Project("{8BC9CEB8-8B4A-11D0-8D11-00A0C91BC942}") = "Testtest", "Testtest\Testtest.vcproj", "{FC2AC196-3CF3-41F1-AA1F-02D78FBF3115}"
EndProject
Global
	GlobalSection(SolutionConfigurationPlatforms) = preSolution
		Debug|Win32 = Debug|Win32
		Release|Win32 = Release|Win32
	EndGlobalSection
	GlobalSection(ProjectConfigurationPlatforms) = postSolution
		{FC2AC196-3CF3-41F1-AA1F-02D78FBF3115}.Debug|Win32.ActiveCfg = Debug|Win32
		{FC2AC196-3CF3-41F1-AA1F-02D78FBF3115}.Debug|Win32.Build.0 = Debug|Win32
		{FC2AC196-3CF3-41F1-AA1F-02D78FBF3115}.Release|Win32.ActiveCfg = Release|Win32
		{FC2AC196-3CF3-41F1-AA1F-02D78FBF3115}.Release|Win32.Build.0 = Release|Win32
	EndGlobalSection
	GlobalSection(SolutionProperties) = preSolution
		HideSolutionNode = FALSE
	EndGlobalSection
EndGlobal
